version = 1
requires-python = ">=3.12"

[[package]]
name = "anyio"
version = "4.6.2.post1"
source = { registry = "https://pypi.org/simple" }
dependencies = [
    { name = "idna" },
    { name = "sniffio" },
]
sdist = { url = "https://files.pythonhosted.org/packages/9f/09/45b9b7a6d4e45c6bcb5bf61d19e3ab87df68e0601fa8c5293de3542546cc/anyio-4.6.2.post1.tar.gz", hash = "sha256:4c8bc31ccdb51c7f7bd251f51c609e038d63e34219b44aa86e47576389880b4c", size = 173422 }
wheels = [
    { url = "https://files.pythonhosted.org/packages/e4/f5/f2b75d2fc6f1a260f340f0e7c6a060f4dd2961cc16884ed851b0d18da06a/anyio-4.6.2.post1-py3-none-any.whl", hash = "sha256:6d170c36fba3bdd840c73d3868c1e777e33676a69c3a72cf0a0d5d6d8009b61d", size = 90377 },
]

[[package]]
name = "certifi"
version = "2024.8.30"
source = { registry = "https://pypi.org/simple" }
sdist = { url = "https://files.pythonhosted.org/packages/b0/ee/9b19140fe824b367c04c5e1b369942dd754c4c5462d5674002f75c4dedc1/certifi-2024.8.30.tar.gz", hash = "sha256:bec941d2aa8195e248a60b31ff9f0558284cf01a52591ceda73ea9afffd69fd9", size = 168507 }
wheels = [
    { url = "https://files.pythonhosted.org/packages/12/90/3c9ff0512038035f59d279fddeb79f5f1eccd8859f06d6163c58798b9487/certifi-2024.8.30-py3-none-any.whl", hash = "sha256:922820b53db7a7257ffbda3f597266d435245903d80737e34f8a45ff3e3230d8", size = 167321 },
]

[[package]]
name = "colorama"
version = "0.4.6"
source = { registry = "https://pypi.org/simple" }
sdist = { url = "https://files.pythonhosted.org/packages/d8/53/6f443c9a4a8358a93a6792e2acffb9d9d5cb0a5cfd8802644b7b1c9a02e4/colorama-0.4.6.tar.gz", hash = "sha256:08695f5cb7ed6e0531a20572697297273c47b8cae5a63ffc6d6ed5c201be6e44", size = 27697 }
wheels = [
    { url = "https://files.pythonhosted.org/packages/d1/d6/3965ed04c63042e047cb6a3e6ed1a63a35087b6a609aa3a15ed8ac56c221/colorama-0.4.6-py2.py3-none-any.whl", hash = "sha256:4f1d9991f5acc0ca119f9d443620b77f9d6b33703e51011c16baf57afb285fc6", size = 25335 },
]

[[package]]
name = "delinkify"
version = "0.1.0"
source = { editable = "." }
dependencies = [
    { name = "loguru" },
    { name = "python-telegram-bot" },
    { name = "yt-dlp" },
]

[package.optional-dependencies]
dev = [
    { name = "ruff" },
]

[package.metadata]
requires-dist = [
    { name = "loguru", specifier = ">=0.7.2" },
    { name = "python-telegram-bot", specifier = ">=21.7" },
    { name = "ruff", marker = "extra == 'dev'", specifier = "==0.7.2" },
    { name = "yt-dlp", specifier = ">=2024.11.4" },
]

[[package]]
name = "h11"
version = "0.14.0"
source = { registry = "https://pypi.org/simple" }
sdist = { url = "https://files.pythonhosted.org/packages/f5/38/3af3d3633a34a3316095b39c8e8fb4853a28a536e55d347bd8d8e9a14b03/h11-0.14.0.tar.gz", hash = "sha256:8f19fbbe99e72420ff35c00b27a34cb9937e902a8b810e2c88300c6f0a3b699d", size = 100418 }
wheels = [
    { url = "https://files.pythonhosted.org/packages/95/04/ff642e65ad6b90db43e668d70ffb6736436c7ce41fcc549f4e9472234127/h11-0.14.0-py3-none-any.whl", hash = "sha256:e3fe4ac4b851c468cc8363d500db52c2ead036020723024a109d37346efaa761", size = 58259 },
]

[[package]]
name = "httpcore"
version = "1.0.6"
source = { registry = "https://pypi.org/simple" }
dependencies = [
    { name = "certifi" },
    { name = "h11" },
]
sdist = { url = "https://files.pythonhosted.org/packages/b6/44/ed0fa6a17845fb033bd885c03e842f08c1b9406c86a2e60ac1ae1b9206a6/httpcore-1.0.6.tar.gz", hash = "sha256:73f6dbd6eb8c21bbf7ef8efad555481853f5f6acdeaff1edb0694289269ee17f", size = 85180 }
wheels = [
    { url = "https://files.pythonhosted.org/packages/06/89/b161908e2f51be56568184aeb4a880fd287178d176fd1c860d2217f41106/httpcore-1.0.6-py3-none-any.whl", hash = "sha256:27b59625743b85577a8c0e10e55b50b5368a4f2cfe8cc7bcfa9cf00829c2682f", size = 78011 },
]

[[package]]
name = "httpx"
version = "0.27.2"
source = { registry = "https://pypi.org/simple" }
dependencies = [
    { name = "anyio" },
    { name = "certifi" },
    { name = "httpcore" },
    { name = "idna" },
    { name = "sniffio" },
]
sdist = { url = "https://files.pythonhosted.org/packages/78/82/08f8c936781f67d9e6b9eeb8a0c8b4e406136ea4c3d1f89a5db71d42e0e6/httpx-0.27.2.tar.gz", hash = "sha256:f7c2be1d2f3c3c3160d441802406b206c2b76f5947b11115e6df10c6c65e66c2", size = 144189 }
wheels = [
    { url = "https://files.pythonhosted.org/packages/56/95/9377bcb415797e44274b51d46e3249eba641711cf3348050f76ee7b15ffc/httpx-0.27.2-py3-none-any.whl", hash = "sha256:7bb2708e112d8fdd7829cd4243970f0c223274051cb35ee80c03301ee29a3df0", size = 76395 },
]

[[package]]
name = "idna"
version = "3.10"
source = { registry = "https://pypi.org/simple" }
sdist = { url = "https://files.pythonhosted.org/packages/f1/70/7703c29685631f5a7590aa73f1f1d3fa9a380e654b86af429e0934a32f7d/idna-3.10.tar.gz", hash = "sha256:12f65c9b470abda6dc35cf8e63cc574b1c52b11df2c86030af0ac09b01b13ea9", size = 190490 }
wheels = [
    { url = "https://files.pythonhosted.org/packages/76/c6/c88e154df9c4e1a2a66ccf0005a88dfb2650c1dffb6f5ce603dfbd452ce3/idna-3.10-py3-none-any.whl", hash = "sha256:946d195a0d259cbba61165e88e65941f16e9b36ea6ddb97f00452bae8b1287d3", size = 70442 },
]

[[package]]
name = "loguru"
version = "0.7.2"
source = { registry = "https://pypi.org/simple" }
dependencies = [
    { name = "colorama", marker = "sys_platform == 'win32'" },
    { name = "win32-setctime", marker = "sys_platform == 'win32'" },
]
sdist = { url = "https://files.pythonhosted.org/packages/9e/30/d87a423766b24db416a46e9335b9602b054a72b96a88a241f2b09b560fa8/loguru-0.7.2.tar.gz", hash = "sha256:e671a53522515f34fd406340ee968cb9ecafbc4b36c679da03c18fd8d0bd51ac", size = 145103 }
wheels = [
    { url = "https://files.pythonhosted.org/packages/03/0a/4f6fed21aa246c6b49b561ca55facacc2a44b87d65b8b92362a8e99ba202/loguru-0.7.2-py3-none-any.whl", hash = "sha256:003d71e3d3ed35f0f8984898359d65b79e5b21943f78af86aa5491210429b8eb", size = 62549 },
]

[[package]]
name = "python-telegram-bot"
version = "21.7"
source = { registry = "https://pypi.org/simple" }
dependencies = [
    { name = "httpx" },
]
sdist = { url = "https://files.pythonhosted.org/packages/76/fc/1be42f26f817c563fea54b202e145f488177f835ab1ddcbb5c6cc56ec61e/python_telegram_bot-21.7.tar.gz", hash = "sha256:bc8537b77ae02531fc2ad440caafc023fd13f13cf19e592dfa1a9ff84988a012", size = 431129 }
wheels = [
    { url = "https://files.pythonhosted.org/packages/c9/ac/6ae9b8e8d9c13fdb93a2b110c64abc7f86a17db8a30a2b334d84f6193d5b/python_telegram_bot-21.7-py3-none-any.whl", hash = "sha256:aff1d7245f1b0d4d12d41c9acff74e86d7100713c2204cd02ff17f8d80d18846", size = 654927 },
]

[[package]]
name = "ruff"
version = "0.7.2"
source = { registry = "https://pypi.org/simple" }
sdist = { url = "https://files.pythonhosted.org/packages/95/51/231bb3790e5b0b9fd4131f9a231d73d061b3667522e3f406fd9b63334d0e/ruff-0.7.2.tar.gz", hash = "sha256:2b14e77293380e475b4e3a7a368e14549288ed2931fce259a6f99978669e844f", size = 3210036 }
wheels = [
    { url = "https://files.pythonhosted.org/packages/5c/56/0caa2b5745d66a39aa239c01059f6918fc76ed8380033d2f44bf297d141d/ruff-0.7.2-py3-none-linux_armv6l.whl", hash = "sha256:b73f873b5f52092e63ed540adefc3c36f1f803790ecf2590e1df8bf0a9f72cb8", size = 10373973 },
    { url = "https://files.pythonhosted.org/packages/1a/33/cad6ff306731f335d481c50caa155b69a286d5b388e87ff234cd2a4b3557/ruff-0.7.2-py3-none-macosx_10_12_x86_64.whl", hash = "sha256:5b813ef26db1015953daf476202585512afd6a6862a02cde63f3bafb53d0b2d4", size = 10171140 },
    { url = "https://files.pythonhosted.org/packages/97/f5/6a2ca5c9ba416226eac9cf8121a1baa6f06655431937e85f38ffcb9d0d01/ruff-0.7.2-py3-none-macosx_11_0_arm64.whl", hash = "sha256:853277dbd9675810c6826dad7a428d52a11760744508340e66bf46f8be9701d9", size = 9809333 },
    { url = "https://files.pythonhosted.org/packages/16/83/e3e87f13d1a1dc205713632978cd7bc287a59b08bc95780dbe359b9aefcb/ruff-0.7.2-py3-none-manylinux_2_17_aarch64.manylinux2014_aarch64.whl", hash = "sha256:21aae53ab1490a52bf4e3bf520c10ce120987b047c494cacf4edad0ba0888da2", size = 10622987 },
    { url = "https://files.pythonhosted.org/packages/22/16/97ccab194480e99a2e3c77ae132b3eebfa38c2112747570c403a4a13ba3a/ruff-0.7.2-py3-none-manylinux_2_17_armv7l.manylinux2014_armv7l.whl", hash = "sha256:ccc7e0fc6e0cb3168443eeadb6445285abaae75142ee22b2b72c27d790ab60ba", size = 10184640 },
    { url = "https://files.pythonhosted.org/packages/97/1b/82ff05441b036f68817296c14f24da47c591cb27acfda473ee571a5651ac/ruff-0.7.2-py3-none-manylinux_2_17_i686.manylinux2014_i686.whl", hash = "sha256:fd77877a4e43b3a98e5ef4715ba3862105e299af0c48942cc6d51ba3d97dc859", size = 11210203 },
    { url = "https://files.pythonhosted.org/packages/a6/96/7ecb30a7ef7f942e2d8e0287ad4c1957dddc6c5097af4978c27cfc334f97/ruff-0.7.2-py3-none-manylinux_2_17_ppc64.manylinux2014_ppc64.whl", hash = "sha256:e00163fb897d35523c70d71a46fbaa43bf7bf9af0f4534c53ea5b96b2e03397b", size = 11870894 },
    { url = "https://files.pythonhosted.org/packages/06/6a/c716bb126218227f8e604a9c484836257708a05ee3d2ebceb666ff3d3867/ruff-0.7.2-py3-none-manylinux_2_17_ppc64le.manylinux2014_ppc64le.whl", hash = "sha256:f3c54b538633482dc342e9b634d91168fe8cc56b30a4b4f99287f4e339103e88", size = 11449533 },
    { url = "https://files.pythonhosted.org/packages/e6/2f/3a5f9f9478904e5ae9506ea699109070ead1e79aac041e872cbaad8a7458/ruff-0.7.2-py3-none-manylinux_2_17_s390x.manylinux2014_s390x.whl", hash = "sha256:7b792468e9804a204be221b14257566669d1db5c00d6bb335996e5cd7004ba80", size = 12607919 },
    { url = "https://files.pythonhosted.org/packages/a0/57/4642e57484d80d274750dcc872ea66655bbd7e66e986fede31e1865b463d/ruff-0.7.2-py3-none-manylinux_2_17_x86_64.manylinux2014_x86_64.whl", hash = "sha256:dba53ed84ac19ae4bfb4ea4bf0172550a2285fa27fbb13e3746f04c80f7fa088", size = 11016915 },
    { url = "https://files.pythonhosted.org/packages/4d/6d/59be6680abee34c22296ae3f46b2a3b91662b8b18ab0bf388b5eb1355c97/ruff-0.7.2-py3-none-musllinux_1_2_aarch64.whl", hash = "sha256:b19fafe261bf741bca2764c14cbb4ee1819b67adb63ebc2db6401dcd652e3748", size = 10625424 },
    { url = "https://files.pythonhosted.org/packages/82/e7/f6a643683354c9bc7879d2f228ee0324fea66d253de49273a0814fba1927/ruff-0.7.2-py3-none-musllinux_1_2_armv7l.whl", hash = "sha256:28bd8220f4d8f79d590db9e2f6a0674f75ddbc3847277dd44ac1f8d30684b828", size = 10233692 },
    { url = "https://files.pythonhosted.org/packages/d7/48/b4e02fc835cd7ed1ee7318d9c53e48bcf6b66301f55925a7dcb920e45532/ruff-0.7.2-py3-none-musllinux_1_2_i686.whl", hash = "sha256:9fd67094e77efbea932e62b5d2483006154794040abb3a5072e659096415ae1e", size = 10751825 },
    { url = "https://files.pythonhosted.org/packages/1e/06/6c5ee6ab7bb4cbad9e8bb9b2dd0d818c759c90c1c9e057c6ed70334b97f4/ruff-0.7.2-py3-none-musllinux_1_2_x86_64.whl", hash = "sha256:576305393998b7bd6c46018f8104ea3a9cb3fa7908c21d8580e3274a3b04b691", size = 11074811 },
    { url = "https://files.pythonhosted.org/packages/a1/16/8969304f25bcd0e4af1778342e63b715e91db8a2dbb51807acd858cba915/ruff-0.7.2-py3-none-win32.whl", hash = "sha256:fa993cfc9f0ff11187e82de874dfc3611df80852540331bc85c75809c93253a8", size = 8650268 },
    { url = "https://files.pythonhosted.org/packages/d9/18/c4b00d161def43fe5968e959039c8f6ce60dca762cec4a34e4e83a4210a0/ruff-0.7.2-py3-none-win_amd64.whl", hash = "sha256:dd8800cbe0254e06b8fec585e97554047fb82c894973f7ff18558eee33d1cb88", size = 9433693 },
    { url = "https://files.pythonhosted.org/packages/7f/7b/c920673ac01c19814dd15fc617c02301c522f3d6812ca2024f4588ed4549/ruff-0.7.2-py3-none-win_arm64.whl", hash = "sha256:bb8368cd45bba3f57bb29cbb8d64b4a33f8415d0149d2655c5c8539452ce7760", size = 8735845 },
]

[[package]]
name = "sniffio"
version = "1.3.1"
source = { registry = "https://pypi.org/simple" }
sdist = { url = "https://files.pythonhosted.org/packages/a2/87/a6771e1546d97e7e041b6ae58d80074f81b7d5121207425c964ddf5cfdbd/sniffio-1.3.1.tar.gz", hash = "sha256:f4324edc670a0f49750a81b895f35c3adb843cca46f0530f79fc1babb23789dc", size = 20372 }
wheels = [
    { url = "https://files.pythonhosted.org/packages/e9/44/75a9c9421471a6c4805dbf2356f7c181a29c1879239abab1ea2cc8f38b40/sniffio-1.3.1-py3-none-any.whl", hash = "sha256:2f6da418d1f1e0fddd844478f41680e794e6051915791a034ff65e5f100525a2", size = 10235 },
]

[[package]]
name = "win32-setctime"
version = "1.1.0"
source = { registry = "https://pypi.org/simple" }
sdist = { url = "https://files.pythonhosted.org/packages/6b/dd/f95a13d2b235a28d613ba23ebad55191514550debb968b46aab99f2e3a30/win32_setctime-1.1.0.tar.gz", hash = "sha256:15cf5750465118d6929ae4de4eb46e8edae9a5634350c01ba582df868e932cb2", size = 3676 }
wheels = [
    { url = "https://files.pythonhosted.org/packages/0a/e6/a7d828fef907843b2a5773ebff47fb79ac0c1c88d60c0ca9530ee941e248/win32_setctime-1.1.0-py3-none-any.whl", hash = "sha256:231db239e959c2fe7eb1d7dc129f11172354f98361c4fa2d6d2d7e278baa8aad", size = 3604 },
]

[[package]]
name = "yt-dlp"
version = "2024.11.4"
source = { registry = "https://pypi.org/simple" }
sdist = { url = "https://files.pythonhosted.org/packages/52/50/0014e9099a9dc3dec1da086e5eb5f861984a0512738bd3d3b63cedd82cbb/yt_dlp-2024.11.4.tar.gz", hash = "sha256:ed204c1b61bc563e134447766d1ab343173540799e13ebb953e887ce7dcf6865", size = 2900105 }
wheels = [
    { url = "https://files.pythonhosted.org/packages/6e/e4/e45c5067a79780954b905db4a42aa83d7aaefd91e32b18ab91c77600e668/yt_dlp-2024.11.4-py3-none-any.whl", hash = "sha256:589d51ed9f154624a45c1f0ceb3d68d0d1e2031460e8dbc62139be631c20b388", size = 3165645 },
]
